
Microsoft Visual Studio Solution File, Format Version 12.00
Project("{FAE04EC0-301F-11D3-BF4B-00C04F79EFBC}") = "DualSenseClient.Core", "source\DualSenseClient.Core\DualSenseClient.Core.csproj", "{6881E3FD-F3F8-4F41-BC15-5DE9C37F24B0}"
EndProject
Project("{FAE04EC0-301F-11D3-BF4B-00C04F79EFBC}") = "DualSenseClient", "source\DualSenseClient\DualSenseClient.csproj", "{6ED79C00-921B-49F0-899A-A68BDAEA22BF}"
EndProject
Project("{2150E333-8FDC-42A3-9474-1A3956D46DE8}") = "Source", "Source", "{9E88491A-38C9-40E0-9F2D-BEF143C4DD3F}"
EndProject
Project("{2150E333-8FDC-42A3-9474-1A3956D46DE8}") = "Tests", "Tests", "{3F63371B-045A-4116-8A5E-4D5189E2E9AC}"
EndProject
Project("{FAE04EC0-301F-11D3-BF4B-00C04F79EFBC}") = "DualSenseClient.Tests", "test\DualSenseClient.Tests\DualSenseClient.Tests.csproj", "{9920E464-AF2A-4059-AACC-DB705CE86CE5}"
EndProject
Project("{FAE04EC0-301F-11D3-BF4B-00C04F79EFBC}") = "DualSenseClient.TestApp", "test\DualSenseClient.TestApp\DualSenseClient.TestApp.csproj", "{ABF9C0DB-1680-435B-95D0-5E85B3C2AEAC}"
EndProject
Global
	GlobalSection(SolutionConfigurationPlatforms) = preSolution
		Debug|Any CPU = Debug|Any CPU
		Release|Any CPU = Release|Any CPU
	EndGlobalSection
	GlobalSection(ProjectConfigurationPlatforms) = postSolution
		{6881E3FD-F3F8-4F41-BC15-5DE9C37F24B0}.Debug|Any CPU.ActiveCfg = Debug|Any CPU
		{6881E3FD-F3F8-4F41-BC15-5DE9C37F24B0}.Debug|Any CPU.Build.0 = Debug|Any CPU
		{6881E3FD-F3F8-4F41-BC15-5DE9C37F24B0}.Release|Any CPU.ActiveCfg = Release|Any CPU
		{6881E3FD-F3F8-4F41-BC15-5DE9C37F24B0}.Release|Any CPU.Build.0 = Release|Any CPU
		{6ED79C00-921B-49F0-899A-A68BDAEA22BF}.Debug|Any CPU.ActiveCfg = Debug|Any CPU
		{6ED79C00-921B-49F0-899A-A68BDAEA22BF}.Debug|Any CPU.Build.0 = Debug|Any CPU
		{6ED79C00-921B-49F0-899A-A68BDAEA22BF}.Release|Any CPU.ActiveCfg = Release|Any CPU
		{6ED79C00-921B-49F0-899A-A68BDAEA22BF}.Release|Any CPU.Build.0 = Release|Any CPU
		{9920E464-AF2A-4059-AACC-DB705CE86CE5}.Debug|Any CPU.ActiveCfg = Debug|Any CPU
		{9920E464-AF2A-4059-AACC-DB705CE86CE5}.Debug|Any CPU.Build.0 = Debug|Any CPU
		{9920E464-AF2A-4059-AACC-DB705CE86CE5}.Release|Any CPU.ActiveCfg = Release|Any CPU
		{9920E464-AF2A-4059-AACC-DB705CE86CE5}.Release|Any CPU.Build.0 = Release|Any CPU
		{ABF9C0DB-1680-435B-95D0-5E85B3C2AEAC}.Debug|Any CPU.ActiveCfg = Debug|Any CPU
		{ABF9C0DB-1680-435B-95D0-5E85B3C2AEAC}.Debug|Any CPU.Build.0 = Debug|Any CPU
		{ABF9C0DB-1680-435B-95D0-5E85B3C2AEAC}.Release|Any CPU.ActiveCfg = Release|Any CPU
		{ABF9C0DB-1680-435B-95D0-5E85B3C2AEAC}.Release|Any CPU.Build.0 = Release|Any CPU
	EndGlobalSection
	GlobalSection(NestedProjects) = preSolution
		{6ED79C00-921B-49F0-899A-A68BDAEA22BF} = {9E88491A-38C9-40E0-9F2D-BEF143C4DD3F}
		{6881E3FD-F3F8-4F41-BC15-5DE9C37F24B0} = {9E88491A-38C9-40E0-9F2D-BEF143C4DD3F}
		{9920E464-AF2A-4059-AACC-DB705CE86CE5} = {3F63371B-045A-4116-8A5E-4D5189E2E9AC}
		{ABF9C0DB-1680-435B-95D0-5E85B3C2AEAC} = {9E88491A-38C9-40E0-9F2D-BEF143C4DD3F}
	EndGlobalSection
EndGlobal
